
Microsoft Visual Studio Solution File, Format Version 12.00
# Visual Studio 15
VisualStudioVersion = 15.0.28010.2026
MinimumVisualStudioVersion = 10.0.40219.1
Project("{FAE04EC0-301F-11D3-BF4B-00C04F79EFBC}") = "ForLoop", "ForLoop\ForLoop.csproj", "{C907D974-27CB-405A-8875-F85C5124E537}"
EndProject
Global
	GlobalSection(SolutionConfigurationPlatforms) = preSolution
		Debug|Any CPU = Debug|Any CPU
		Release|Any CPU = Release|Any CPU
	EndGlobalSection
	GlobalSection(ProjectConfigurationPlatforms) = postSolution
		{C907D974-27CB-405A-8875-F85C5124E537}.Debug|Any CPU.ActiveCfg = Debug|Any CPU
		{C907D974-27CB-405A-8875-F85C5124E537}.Debug|Any CPU.Build.0 = Debug|Any CPU
		{C907D974-27CB-405A-8875-F85C5124E537}.Release|Any CPU.ActiveCfg = Release|Any CPU
		{C907D974-27CB-405A-8875-F85C5124E537}.Release|Any CPU.Build.0 = Release|Any CPU
	EndGlobalSection
	GlobalSection(SolutionProperties) = preSolution
		HideSolutionNode = FALSE
	EndGlobalSection
	GlobalSection(ExtensibilityGlobals) = postSolution
		SolutionGuid = {4467907C-735E-4F95-81A4-01CF58FEAAA2}
	EndGlobalSection
EndGlobal
